
Microsoft Visual Studio Solution File, Format Version 12.00
# Visual Studio Version 17
VisualStudioVersion = 17.8.34525.116
MinimumVisualStudioVersion = 10.0.40219.1
Project("{FAE04EC0-301F-11D3-BF4B-00C04F79EFBC}") = "HackerNewsScraper", "HackerNewsScraper\HackerNewsScraper.csproj", "{C9A8D9A5-8C44-4818-8C8E-AFE356964B5E}"
EndProject
Global
	GlobalSection(SolutionConfigurationPlatforms) = preSolution
		Debug|Any CPU = Debug|Any CPU
		Release|Any CPU = Release|Any CPU
	EndGlobalSection
	GlobalSection(ProjectConfigurationPlatforms) = postSolution
		{C9A8D9A5-8C44-4818-8C8E-AFE356964B5E}.Debug|Any CPU.ActiveCfg = Debug|Any CPU
		{C9A8D9A5-8C44-4818-8C8E-AFE356964B5E}.Debug|Any CPU.Build.0 = Debug|Any CPU
		{C9A8D9A5-8C44-4818-8C8E-AFE356964B5E}.Release|Any CPU.ActiveCfg = Release|Any CPU
		{C9A8D9A5-8C44-4818-8C8E-AFE356964B5E}.Release|Any CPU.Build.0 = Release|Any CPU
	EndGlobalSection
	GlobalSection(SolutionProperties) = preSolution
		HideSolutionNode = FALSE
	EndGlobalSection
	GlobalSection(ExtensibilityGlobals) = postSolution
		SolutionGuid = {B82DBE1F-A04C-4CAE-8589-D20476AC9D99}
	EndGlobalSection
EndGlobal
